
Microsoft Visual Studio Solution File, Format Version 12.00
# Visual Studio Version 17
VisualStudioVersion = 17.5.002.0
MinimumVisualStudioVersion = 10.0.40219.1
Project("{9A19103F-16F7-4668-BE54-9A1E7A4F7556}") = "DemoAzureAAGR", "DemoAzureAAGR.csproj", "{30F0979F-5429-4B3C-8F0E-29B68A775E1B}"
EndProject
Global
	GlobalSection(SolutionConfigurationPlatforms) = preSolution
		Debug|Any CPU = Debug|Any CPU
		Release|Any CPU = Release|Any CPU
	EndGlobalSection
	GlobalSection(ProjectConfigurationPlatforms) = postSolution
		{30F0979F-5429-4B3C-8F0E-29B68A775E1B}.Debug|Any CPU.ActiveCfg = Debug|Any CPU
		{30F0979F-5429-4B3C-8F0E-29B68A775E1B}.Debug|Any CPU.Build.0 = Debug|Any CPU
		{30F0979F-5429-4B3C-8F0E-29B68A775E1B}.Release|Any CPU.ActiveCfg = Release|Any CPU
		{30F0979F-5429-4B3C-8F0E-29B68A775E1B}.Release|Any CPU.Build.0 = Release|Any CPU
	EndGlobalSection
	GlobalSection(SolutionProperties) = preSolution
		HideSolutionNode = FALSE
	EndGlobalSection
	GlobalSection(ExtensibilityGlobals) = postSolution
		SolutionGuid = {6C21CCF9-2787-4BB3-919F-ED6C500B04A5}
	EndGlobalSection
EndGlobal
